PODS:
  - SLNativeJSMessage (0.1.1)

DEPENDENCIES:
  - SLNativeJSMessage (from `../`)

EXTERNAL SOURCES:
  SLNativeJSMessage:
    :path: "../"

SPEC CHECKSUMS:
  SLNativeJSMessage: 4007baaa6eba0280f2a95e32609768b54fd472e7

PODFILE CHECKSUM: 513e15ef6c11b67679dbb009f61591ab9f2edd75

COCOAPODS: 1.5.3
